
Microsoft Visual Studio Solution File, Format Version 12.00
# Visual Studio Version 16
VisualStudioVersion = 16.0.31410.357
MinimumVisualStudioVersion = 10.0.40219.1
Project("{FAE04EC0-301F-11D3-BF4B-00C04F79EFBC}") = "GridDynamix", "GridDynamix.csproj", "{0AE2C91E-08B1-425E-9D54-B1867EE76562}"
EndProject
Global
	GlobalSection(SolutionConfigurationPlatforms) = preSolution
		Debug|Any CPU = Debug|Any CPU
		Release|Any CPU = Release|Any CPU
	EndGlobalSection
	GlobalSection(ProjectConfigurationPlatforms) = postSolution
		{0AE2C91E-08B1-425E-9D54-B1867EE76562}.Debug|Any CPU.ActiveCfg = Debug|Any CPU
		{0AE2C91E-08B1-425E-9D54-B1867EE76562}.Debug|Any CPU.Build.0 = Debug|Any CPU
		{0AE2C91E-08B1-425E-9D54-B1867EE76562}.Release|Any CPU.ActiveCfg = Release|Any CPU
		{0AE2C91E-08B1-425E-9D54-B1867EE76562}.Release|Any CPU.Build.0 = Release|Any CPU
	EndGlobalSection
	GlobalSection(SolutionProperties) = preSolution
		HideSolutionNode = FALSE
	EndGlobalSection
	GlobalSection(ExtensibilityGlobals) = postSolution
		SolutionGuid = {32A70903-5E4C-407F-A182-9FC7654240A0}
	EndGlobalSection
EndGlobal
